
Microsoft Visual Studio Solution File, Format Version 12.00
# Visual Studio Version 17
VisualStudioVersion = 17.3.32804.467
MinimumVisualStudioVersion = 10.0.40219.1
Project("{9A19103F-16F7-4668-BE54-9A1E7A4F7556}") = "Dijkstra's Algorithm", "Dijkstra's Algorithm\Dijkstra's Algorithm.csproj", "{19231DF4-E785-4982-8DA4-55AE772F4C7C}"
EndProject
Project("{FAE04EC0-301F-11D3-BF4B-00C04F79EFBC}") = "Kruskal's Algorithm", "Kruskal's Algorithm\Kruskal's Algorithm.csproj", "{FE6A146F-3C29-410D-872B-6C2C4818E910}"
EndProject
Global
	GlobalSection(SolutionConfigurationPlatforms) = preSolution
		Debug|Any CPU = Debug|Any CPU
		Release|Any CPU = Release|Any CPU
	EndGlobalSection
	GlobalSection(ProjectConfigurationPlatforms) = postSolution
		{19231DF4-E785-4982-8DA4-55AE772F4C7C}.Debug|Any CPU.ActiveCfg = Debug|Any CPU
		{19231DF4-E785-4982-8DA4-55AE772F4C7C}.Debug|Any CPU.Build.0 = Debug|Any CPU
		{19231DF4-E785-4982-8DA4-55AE772F4C7C}.Release|Any CPU.ActiveCfg = Release|Any CPU
		{19231DF4-E785-4982-8DA4-55AE772F4C7C}.Release|Any CPU.Build.0 = Release|Any CPU
		{FE6A146F-3C29-410D-872B-6C2C4818E910}.Debug|Any CPU.ActiveCfg = Debug|Any CPU
		{FE6A146F-3C29-410D-872B-6C2C4818E910}.Debug|Any CPU.Build.0 = Debug|Any CPU
		{FE6A146F-3C29-410D-872B-6C2C4818E910}.Release|Any CPU.ActiveCfg = Release|Any CPU
		{FE6A146F-3C29-410D-872B-6C2C4818E910}.Release|Any CPU.Build.0 = Release|Any CPU
	EndGlobalSection
	GlobalSection(SolutionProperties) = preSolution
		HideSolutionNode = FALSE
	EndGlobalSection
	GlobalSection(ExtensibilityGlobals) = postSolution
		SolutionGuid = {7E05EA18-1EFB-4284-8969-9F3D3AEFA570}
	EndGlobalSection
EndGlobal
