
Microsoft Visual Studio Solution File, Format Version 12.00
# Visual Studio Version 17
VisualStudioVersion = 17.2.32616.157
MinimumVisualStudioVersion = 10.0.40219.1
Project("{FAE04EC0-301F-11D3-BF4B-00C04F79EFBC}") = "Bank Robbery", "Bank Robbery\Bank Robbery.csproj", "{317DF160-A090-48FF-A9A1-758607928DE6}"
EndProject
Global
	GlobalSection(SolutionConfigurationPlatforms) = preSolution
		Debug|Any CPU = Debug|Any CPU
		Release|Any CPU = Release|Any CPU
	EndGlobalSection
	GlobalSection(ProjectConfigurationPlatforms) = postSolution
		{317DF160-A090-48FF-A9A1-758607928DE6}.Debug|Any CPU.ActiveCfg = Debug|Any CPU
		{317DF160-A090-48FF-A9A1-758607928DE6}.Debug|Any CPU.Build.0 = Debug|Any CPU
		{317DF160-A090-48FF-A9A1-758607928DE6}.Release|Any CPU.ActiveCfg = Release|Any CPU
		{317DF160-A090-48FF-A9A1-758607928DE6}.Release|Any CPU.Build.0 = Release|Any CPU
	EndGlobalSection
	GlobalSection(SolutionProperties) = preSolution
		HideSolutionNode = FALSE
	EndGlobalSection
	GlobalSection(ExtensibilityGlobals) = postSolution
		SolutionGuid = {C5D0FAFC-5C75-4841-84F0-9E32B26804AD}
	EndGlobalSection
EndGlobal
