
Microsoft Visual Studio Solution File, Format Version 12.00
# Visual Studio Version 16
VisualStudioVersion = 16.0.31729.503
MinimumVisualStudioVersion = 10.0.40219.1
Project("{FAE04EC0-301F-11D3-BF4B-00C04F79EFBC}") = "P01_StudentSystem", "P01_StudentSystem\P01_StudentSystem.csproj", "{8DAF7A2D-8939-41BA-8589-FE33FC5D22EA}"
EndProject
Project("{FAE04EC0-301F-11D3-BF4B-00C04F79EFBC}") = "P03_FootballBetting", "P03_FootballBetting\P03_FootballBetting.csproj", "{6C5D9B75-EE7A-4B93-A4DF-80EE714659A7}"
EndProject
Global
	GlobalSection(SolutionConfigurationPlatforms) = preSolution
		Debug|Any CPU = Debug|Any CPU
		Release|Any CPU = Release|Any CPU
	EndGlobalSection
	GlobalSection(ProjectConfigurationPlatforms) = postSolution
		{8DAF7A2D-8939-41BA-8589-FE33FC5D22EA}.Debug|Any CPU.ActiveCfg = Debug|Any CPU
		{8DAF7A2D-8939-41BA-8589-FE33FC5D22EA}.Debug|Any CPU.Build.0 = Debug|Any CPU
		{8DAF7A2D-8939-41BA-8589-FE33FC5D22EA}.Release|Any CPU.ActiveCfg = Release|Any CPU
		{8DAF7A2D-8939-41BA-8589-FE33FC5D22EA}.Release|Any CPU.Build.0 = Release|Any CPU
		{6C5D9B75-EE7A-4B93-A4DF-80EE714659A7}.Debug|Any CPU.ActiveCfg = Debug|Any CPU
		{6C5D9B75-EE7A-4B93-A4DF-80EE714659A7}.Debug|Any CPU.Build.0 = Debug|Any CPU
		{6C5D9B75-EE7A-4B93-A4DF-80EE714659A7}.Release|Any CPU.ActiveCfg = Release|Any CPU
		{6C5D9B75-EE7A-4B93-A4DF-80EE714659A7}.Release|Any CPU.Build.0 = Release|Any CPU
	EndGlobalSection
	GlobalSection(SolutionProperties) = preSolution
		HideSolutionNode = FALSE
	EndGlobalSection
	GlobalSection(ExtensibilityGlobals) = postSolution
		SolutionGuid = {DE0D3F64-90C2-499F-B072-ECAAE9310AF5}
	EndGlobalSection
EndGlobal
