
Microsoft Visual Studio Solution File, Format Version 12.00
# Visual Studio Version 17
VisualStudioVersion = 17.2.32616.157
MinimumVisualStudioVersion = 10.0.40219.1
Project("{9A19103F-16F7-4668-BE54-9A1E7A4F7556}") = "Paths", "Paths\Paths.csproj", "{D570957D-8083-4EB4-B61D-0C80B9BAABDD}"
EndProject
Project("{9A19103F-16F7-4668-BE54-9A1E7A4F7556}") = "Super Set", "Super Set\Super Set.csproj", "{A6FABAC2-1532-410E-A8B1-6B820EFA4AFB}"
EndProject
Project("{FAE04EC0-301F-11D3-BF4B-00C04F79EFBC}") = "03", "03\03.csproj", "{4C52DA06-455B-44E7-AA8D-799FB9095E0D}"
EndProject
Global
	GlobalSection(SolutionConfigurationPlatforms) = preSolution
		Debug|Any CPU = Debug|Any CPU
		Release|Any CPU = Release|Any CPU
	EndGlobalSection
	GlobalSection(ProjectConfigurationPlatforms) = postSolution
		{D570957D-8083-4EB4-B61D-0C80B9BAABDD}.Debug|Any CPU.ActiveCfg = Debug|Any CPU
		{D570957D-8083-4EB4-B61D-0C80B9BAABDD}.Debug|Any CPU.Build.0 = Debug|Any CPU
		{D570957D-8083-4EB4-B61D-0C80B9BAABDD}.Release|Any CPU.ActiveCfg = Release|Any CPU
		{D570957D-8083-4EB4-B61D-0C80B9BAABDD}.Release|Any CPU.Build.0 = Release|Any CPU
		{A6FABAC2-1532-410E-A8B1-6B820EFA4AFB}.Debug|Any CPU.ActiveCfg = Debug|Any CPU
		{A6FABAC2-1532-410E-A8B1-6B820EFA4AFB}.Debug|Any CPU.Build.0 = Debug|Any CPU
		{A6FABAC2-1532-410E-A8B1-6B820EFA4AFB}.Release|Any CPU.ActiveCfg = Release|Any CPU
		{A6FABAC2-1532-410E-A8B1-6B820EFA4AFB}.Release|Any CPU.Build.0 = Release|Any CPU
		{4C52DA06-455B-44E7-AA8D-799FB9095E0D}.Debug|Any CPU.ActiveCfg = Debug|Any CPU
		{4C52DA06-455B-44E7-AA8D-799FB9095E0D}.Debug|Any CPU.Build.0 = Debug|Any CPU
		{4C52DA06-455B-44E7-AA8D-799FB9095E0D}.Release|Any CPU.ActiveCfg = Release|Any CPU
		{4C52DA06-455B-44E7-AA8D-799FB9095E0D}.Release|Any CPU.Build.0 = Release|Any CPU
	EndGlobalSection
	GlobalSection(SolutionProperties) = preSolution
		HideSolutionNode = FALSE
	EndGlobalSection
	GlobalSection(ExtensibilityGlobals) = postSolution
		SolutionGuid = {90D67706-E9F5-4EED-8098-8C19CDC4F939}
	EndGlobalSection
EndGlobal
