
Microsoft Visual Studio Solution File, Format Version 12.00
# Visual Studio Version 16
VisualStudioVersion = 16.0.31025.194
MinimumVisualStudioVersion = 10.0.40219.1
Project("{FAE04EC0-301F-11D3-BF4B-00C04F79EFBC}") = "Operations", "Operations\Operations.csproj", "{11A144BE-0E9B-4B0D-A1C0-F392E80A5F59}"
EndProject
Project("{FAE04EC0-301F-11D3-BF4B-00C04F79EFBC}") = "Animals", "Animals\Animals.csproj", "{6CBDEC5C-9D5F-4B52-BAA6-0E0EED5C9D6A}"
EndProject
Project("{FAE04EC0-301F-11D3-BF4B-00C04F79EFBC}") = "Shapes", "Shapes\Shapes.csproj", "{0F6522AE-B5F7-4D2D-8857-3DC2F6A7A01D}"
EndProject
Global
	GlobalSection(SolutionConfigurationPlatforms) = preSolution
		Debug|Any CPU = Debug|Any CPU
		Release|Any CPU = Release|Any CPU
	EndGlobalSection
	GlobalSection(ProjectConfigurationPlatforms) = postSolution
		{11A144BE-0E9B-4B0D-A1C0-F392E80A5F59}.Debug|Any CPU.ActiveCfg = Debug|Any CPU
		{11A144BE-0E9B-4B0D-A1C0-F392E80A5F59}.Debug|Any CPU.Build.0 = Debug|Any CPU
		{11A144BE-0E9B-4B0D-A1C0-F392E80A5F59}.Release|Any CPU.ActiveCfg = Release|Any CPU
		{11A144BE-0E9B-4B0D-A1C0-F392E80A5F59}.Release|Any CPU.Build.0 = Release|Any CPU
		{6CBDEC5C-9D5F-4B52-BAA6-0E0EED5C9D6A}.Debug|Any CPU.ActiveCfg = Debug|Any CPU
		{6CBDEC5C-9D5F-4B52-BAA6-0E0EED5C9D6A}.Debug|Any CPU.Build.0 = Debug|Any CPU
		{6CBDEC5C-9D5F-4B52-BAA6-0E0EED5C9D6A}.Release|Any CPU.ActiveCfg = Release|Any CPU
		{6CBDEC5C-9D5F-4B52-BAA6-0E0EED5C9D6A}.Release|Any CPU.Build.0 = Release|Any CPU
		{0F6522AE-B5F7-4D2D-8857-3DC2F6A7A01D}.Debug|Any CPU.ActiveCfg = Debug|Any CPU
		{0F6522AE-B5F7-4D2D-8857-3DC2F6A7A01D}.Debug|Any CPU.Build.0 = Debug|Any CPU
		{0F6522AE-B5F7-4D2D-8857-3DC2F6A7A01D}.Release|Any CPU.ActiveCfg = Release|Any CPU
		{0F6522AE-B5F7-4D2D-8857-3DC2F6A7A01D}.Release|Any CPU.Build.0 = Release|Any CPU
	EndGlobalSection
	GlobalSection(SolutionProperties) = preSolution
		HideSolutionNode = FALSE
	EndGlobalSection
	GlobalSection(ExtensibilityGlobals) = postSolution
		SolutionGuid = {B18A7DC2-E5A6-4E75-B968-5AC80DB19526}
	EndGlobalSection
EndGlobal
