
Microsoft Visual Studio Solution File, Format Version 12.00
# Visual Studio Version 17
VisualStudioVersion = 17.3.32804.467
MinimumVisualStudioVersion = 10.0.40219.1
Project("{9A19103F-16F7-4668-BE54-9A1E7A4F7556}") = "Cable Merchant", "Cable Merchant\Cable Merchant.csproj", "{901731BD-3341-4563-AF66-12A8F071E587}"
EndProject
Project("{FAE04EC0-301F-11D3-BF4B-00C04F79EFBC}") = "Longest String Chain", "Longest String Chain\Longest String Chain.csproj", "{78BEA32C-AB32-4CF9-9AF3-75FECF4C3086}"
EndProject
Project("{FAE04EC0-301F-11D3-BF4B-00C04F79EFBC}") = "Longest Zigzag Subsequence", "Longest Zigzag Subsequence\Longest Zigzag Subsequence.csproj", "{72AD3CFF-6209-4E0B-9D87-040D0912C9A0}"
EndProject
Global
	GlobalSection(SolutionConfigurationPlatforms) = preSolution
		Debug|Any CPU = Debug|Any CPU
		Release|Any CPU = Release|Any CPU
	EndGlobalSection
	GlobalSection(ProjectConfigurationPlatforms) = postSolution
		{901731BD-3341-4563-AF66-12A8F071E587}.Debug|Any CPU.ActiveCfg = Debug|Any CPU
		{901731BD-3341-4563-AF66-12A8F071E587}.Debug|Any CPU.Build.0 = Debug|Any CPU
		{901731BD-3341-4563-AF66-12A8F071E587}.Release|Any CPU.ActiveCfg = Release|Any CPU
		{901731BD-3341-4563-AF66-12A8F071E587}.Release|Any CPU.Build.0 = Release|Any CPU
		{78BEA32C-AB32-4CF9-9AF3-75FECF4C3086}.Debug|Any CPU.ActiveCfg = Debug|Any CPU
		{78BEA32C-AB32-4CF9-9AF3-75FECF4C3086}.Debug|Any CPU.Build.0 = Debug|Any CPU
		{78BEA32C-AB32-4CF9-9AF3-75FECF4C3086}.Release|Any CPU.ActiveCfg = Release|Any CPU
		{78BEA32C-AB32-4CF9-9AF3-75FECF4C3086}.Release|Any CPU.Build.0 = Release|Any CPU
		{72AD3CFF-6209-4E0B-9D87-040D0912C9A0}.Debug|Any CPU.ActiveCfg = Debug|Any CPU
		{72AD3CFF-6209-4E0B-9D87-040D0912C9A0}.Debug|Any CPU.Build.0 = Debug|Any CPU
		{72AD3CFF-6209-4E0B-9D87-040D0912C9A0}.Release|Any CPU.ActiveCfg = Release|Any CPU
		{72AD3CFF-6209-4E0B-9D87-040D0912C9A0}.Release|Any CPU.Build.0 = Release|Any CPU
	EndGlobalSection
	GlobalSection(SolutionProperties) = preSolution
		HideSolutionNode = FALSE
	EndGlobalSection
	GlobalSection(ExtensibilityGlobals) = postSolution
		SolutionGuid = {54A66ACC-6BF9-45B1-BC62-7DAE2CD2156F}
	EndGlobalSection
EndGlobal
